// !$*UTF8*$!
{
	archiveVersion = 1;
	classes = {
	};
	objectVersion = 50;
	objects = {

/* Begin PBXBuildFile section */
		94FCB558260CAEEB00CEDCD1 /* AppDelegate.swift in Sources */ = {isa = PBXBuildFile; fileRef = 94FCB557260CAEEB00CEDCD1 /* AppDelegate.swift */; };
		94FCB55A260CAEEB00CEDCD1 /* SceneDelegate.swift in Sources */ = {isa = PBXBuildFile; fileRef = 94FCB559260CAEEB00CEDCD1 /* SceneDelegate.swift */; };
		94FCB55C260CAEEB00CEDCD1 /* ViewController.swift in Sources */ = {isa = PBXBuildFile; fileRef = 94FCB55B260CAEEB00CEDCD1 /* ViewController.swift */; };
		94FCB55F260CAEEB00CEDCD1 /* Main.storyboard in Resources */ = {isa = PBXBuildFile; fileRef = 94FCB55D260CAEEB00CEDCD1 /* Main.storyboard */; };
		94FCB561260CAEED00CEDCD1 /* Assets.xcassets in Resources */ = {isa = PBXBuildFile; fileRef = 94FCB560260CAEED00CEDCD1 /* Assets.xcassets */; };
		94FCB564260CAEED00CEDCD1 /* LaunchScreen.storyboard in Resources */ = {isa = PBXBuildFile; fileRef = 94FCB562260CAEED00CEDCD1 /* LaunchScreen.storyboard */; };
		94FCB56D260CE59E00CEDCD1 /* SecondViewController.swift in Sources */ = {isa = PBXBuildFile; fileRef = 94FCB56C260CE59E00CEDCD1 /* SecondViewController.swift */; };
/* End PBXBuildFile section */

/* Begin PBXFileReference section */
		94FCB554260CAEEB00CEDCD1 /* CatchTheKenny.app */ = {isa = PBXFileReference; explicitFileType = wrapper.application; includeInIndex = 0; path = CatchTheKenny.app; sourceTree = BUILT_PRODUCTS_DIR; };
		94FCB557260CAEEB00CEDCD1 /* AppDelegate.swift */ = {isa = PBXFileReference; lastKnownFileType = sourcecode.swift; path = AppDelegate.swift; sourceTree = "<group>"; };
		94FCB559260CAEEB00CEDCD1 /* SceneDelegate.swift */ = {isa = PBXFileReference; lastKnownFileType = sourcecode.swift; path = SceneDelegate.swift; sourceTree = "<group>"; };
		94FCB55B260CAEEB00CEDCD1 /* ViewController.swift */ = {isa = PBXFileReference; lastKnownFileType = sourcecode.swift; path = ViewController.swift; sourceTree = "<group>"; };
		94FCB55E260CAEEB00CEDCD1 /* Base */ = {isa = PBXFileReference; lastKnownFileType = file.storyboard; name = Base; path = Base.lproj/Main.storyboard; sourceTree = "<group>"; };
		94FCB560260CAEED00CEDCD1 /* Assets.xcassets */ = {isa = PBXFileReference; lastKnownFileType = folder.assetcatalog; path = Assets.xcassets; sourceTree = "<group>"; };
		94FCB563260CAEED00CEDCD1 /* Base */ = {isa = PBXFileReference; lastKnownFileType = file.storyboard; name = Base; path = Base.lproj/LaunchScreen.storyboard; sourceTree = "<group>"; };
		94FCB565260CAEED00CEDCD1 /* Info.plist */ = {isa = PBXFileReference; lastKnownFileType = text.plist.xml; path = Info.plist; sourceTree = "<group>"; };
		94FCB56C260CE59E00CEDCD1 /* SecondViewController.swift */ = {isa = PBXFileReference; lastKnownFileType = sourcecode.swift; path = SecondViewController.swift; sourceTree = "<group>"; };
/* End PBXFileReference section */

/* Begin PBXFrameworksBuildPhase section */
		94FCB551260CAEEB00CEDCD1 /* Frameworks */ = {
			isa = PBXFrameworksBuildPhase;
			buildActionMask = 2147483647;
			files = (
			);
			runOnlyForDeploymentPostprocessing = 0;
		};
/* End PBXFrameworksBuildPhase section */

/* Begin PBXGroup section */
		94FCB54B260CAEEB00CEDCD1 = {
			isa = PBXGroup;
			children = (
				94FCB556260CAEEB00CEDCD1 /* CatchTheKenny */,
				94FCB555260CAEEB00CEDCD1 /* Products */,
			);
			sourceTree = "<group>";
		};
		94FCB555260CAEEB00CEDCD1 /* Products */ = {
			isa = PBXGroup;
			children = (
				94FCB554260CAEEB00CEDCD1 /* CatchTheKenny.app */,
			);
			name = Products;
			sourceTree = "<group>";
		};
		94FCB556260CAEEB00CEDCD1 /* CatchTheKenny */ = {
			isa = PBXGroup;
			children = (
				94FCB557260CAEEB00CEDCD1 /* AppDelegate.swift */,
				94FCB559260CAEEB00CEDCD1 /* SceneDelegate.swift */,
				94FCB55B260CAEEB00CEDCD1 /* ViewController.swift */,
				94FCB55D260CAEEB00CEDCD1 /* Main.storyboard */,
				94FCB56C260CE59E00CEDCD1 /* SecondViewController.swift */,
				94FCB560260CAEED00CEDCD1 /* Assets.xcassets */,
				94FCB562260CAEED00CEDCD1 /* LaunchScreen.storyboard */,
				94FCB565260CAEED00CEDCD1 /* Info.plist */,
			);
			path = CatchTheKenny;
			sourceTree = "<group>";
		};
/* End PBXGroup section */

/* Begin PBXNativeTarget section */
		94FCB553260CAEEB00CEDCD1 /* CatchTheKenny */ = {
			isa = PBXNativeTarget;
			buildConfigurationList = 94FCB568260CAEED00CEDCD1 /* Build configuration list for PBXNativeTarget "CatchTheKenny" */;
			buildPhases = (
				94FCB550260CAEEB00CEDCD1 /* Sources */,
				94FCB551260CAEEB00CEDCD1 /* Frameworks */,
				94FCB552260CAEEB00CEDCD1 /* Resources */,
			);
			buildRules = (
			);
			dependencies = (
			);
			name = CatchTheKenny;
			productName = CatchTheKenny;
			productReference = 94FCB554260CAEEB00CEDCD1 /* CatchTheKenny.app */;
			productType = "com.apple.product-type.application";
		};
/* End PBXNativeTarget section */

/* Begin PBXProject section */
		94FCB54C260CAEEB00CEDCD1 /* Project object */ = {
			isa = PBXProject;
			attributes = {
				LastSwiftUpdateCheck = 1240;
				LastUpgradeCheck = 1240;
				TargetAttributes = {
					94FCB553260CAEEB00CEDCD1 = {
						CreatedOnToolsVersion = 12.4;
					};
				};
			};
			buildConfigurationList = 94FCB54F260CAEEB00CEDCD1 /* Build configuration list for PBXProject "CatchTheKenny" */;
			compatibilityVersion = "Xcode 9.3";
			developmentRegion = en;
			hasScannedForEncodings = 0;
			knownRegions = (
				en,
				Base,
			);
			mainGroup = 94FCB54B260CAEEB00CEDCD1;
			productRefGroup = 94FCB555260CAEEB00CEDCD1 /* Products */;
			projectDirPath = "";
			projectRoot = "";
			targets = (
				94FCB553260CAEEB00CEDCD1 /* CatchTheKenny */,
			);
		};
/* End PBXProject section */

/* Begin PBXResourcesBuildPhase section */
		94FCB552260CAEEB00CEDCD1 /* Resources */ = {
			isa = PBXResourcesBuildPhase;
			buildActionMask = 2147483647;
			files = (
				94FCB564260CAEED00CEDCD1 /* LaunchScreen.storyboard in Resources */,
				94FCB561260CAEED00CEDCD1 /* Assets.xcassets in Resources */,
				94FCB55F260CAEEB00CEDCD1 /* Main.storyboard in Resources */,
			);
			runOnlyForDeploymentPostprocessing = 0;
		};
/* End PBXResourcesBuildPhase section */

/* Begin PBXSourcesBuildPhase section */
		94FCB550260CAEEB00CEDCD1 /* Sources */ = {
			isa = PBXSourcesBuildPhase;
			buildActionMask = 2147483647;
			files = (
				94FCB56D260CE59E00CEDCD1 /* SecondViewController.swift in Sources */,
				94FCB55C260CAEEB00CEDCD1 /* ViewController.swift in Sources */,
				94FCB558260CAEEB00CEDCD1 /* AppDelegate.swift in Sources */,
				94FCB55A260CAEEB00CEDCD1 /* SceneDelegate.swift in Sources */,
			);
			runOnlyForDeploymentPostprocessing = 0;
		};
/* End PBXSourcesBuildPhase section */

/* Begin PBXVariantGroup section */
		94FCB55D260CAEEB00CEDCD1 /* Main.storyboard */ = {
			isa = PBXVariantGroup;
			children = (
				94FCB55E260CAEEB00CEDCD1 /* Base */,
			);
			name = Main.storyboard;
			sourceTree = "<group>";
		};
		94FCB562260CAEED00CEDCD1 /* LaunchScreen.storyboard */ = {
			isa = PBXVariantGroup;
			children = (
				94FCB563260CAEED00CEDCD1 /* Base */,
			);
			name = LaunchScreen.storyboard;
			sourceTree = "<group>";
		};
/* End PBXVariantGroup section */

/* Begin XCBuildConfiguration section */
		94FCB566260CAEED00CEDCD1 /* Debug */ = {
			isa = XCBuildConfiguration;
			buildSettings = {
				ALWAYS_SEARCH_USER_PATHS = NO;
				CLANG_ANALYZER_NONNULL = YES;
				CLANG_ANALYZER_NUMBER_OBJECT_CONVERSION = YES_AGGRESSIVE;
				CLANG_CXX_LANGUAGE_STANDARD = "gnu++14";
				CLANG_CXX_LIBRARY = "libc++";
				CLANG_ENABLE_MODULES = YES;
				CLANG_ENABLE_OBJC_ARC = YES;
				CLANG_ENABLE_OBJC_WEAK = YES;
				CLANG_WARN_BLOCK_CAPTURE_AUTORELEASING = YES;
				CLANG_WARN_BOOL_CONVERSION = YES;
				CLANG_WARN_COMMA = YES;
				CLANG_WARN_CONSTANT_CONVERSION = YES;
				CLANG_WARN_DEPRECATED_OBJC_IMPLEMENTATIONS = YES;
				CLANG_WARN_DIRECT_OBJC_ISA_USAGE = YES_ERROR;
				CLANG_WARN_DOCUMENTATION_COMMENTS = YES;
				CLANG_WARN_EMPTY_BODY = YES;
				CLANG_WARN_ENUM_CONVERSION = YES;
				CLANG_WARN_INFINITE_RECURSION = YES;
				CLANG_WARN_INT_CONVERSION = YES;
				CLANG_WARN_NON_LITERAL_NULL_CONVERSION = YES;
				CLANG_WARN_OBJC_IMPLICIT_RETAIN_SELF = YES;
				CLANG_WARN_OBJC_LITERAL_CONVERSION = YES;
				CLANG_WARN_OBJC_ROOT_CLASS = YES_ERROR;
				CLANG_WARN_QUOTED_INCLUDE_IN_FRAMEWORK_HEADER = YES;
				CLANG_WARN_RANGE_LOOP_ANALYSIS = YES;
				CLANG_WARN_STRICT_PROTOTYPES = YES;
				CLANG_WARN_SUSPICIOUS_MOVE = YES;
				CLANG_WARN_UNGUARDED_AVAILABILITY = YES_AGGRESSIVE;
				CLANG_WARN_UNREACHABLE_CODE = YES;
				CLANG_WARN__DUPLICATE_METHOD_MATCH = YES;
				COPY_PHASE_STRIP = NO;
				DEBUG_INFORMATION_FORMAT = dwarf;
				ENABLE_STRICT_OBJC_MSGSEND = YES;
				ENABLE_TESTABILITY = YES;
				GCC_C_LANGUAGE_STANDARD = gnu11;
				GCC_DYNAMIC_NO_PIC = NO;
				GCC_NO_COMMON_BLOCKS = YES;
				GCC_OPTIMIZATION_LEVEL = 0;
				GCC_PREPROCESSOR_DEFINITIONS = (
					"DEBUG=1",
					"$(inherited)",
				);
				GCC_WARN_64_TO_32_BIT_CONVERSION = YES;
				GCC_WARN_ABOUT_RETURN_TYPE = YES_ERROR;
				GCC_WARN_UNDECLARED_SELECTOR = YES;
				GCC_WARN_UNINITIALIZED_AUTOS = YES_AGGRESSIVE;
				GCC_WARN_UNUSED_FUNCTION = YES;
				GCC_WARN_UNUSED_VARIABLE = YES;
				IPHONEOS_DEPLOYMENT_TARGET = 14.4;
				MTL_ENABLE_DEBUG_INFO = INCLUDE_SOURCE;
				MTL_FAST_MATH = YES;
				ONLY_ACTIVE_ARCH = YES;
				SDKROOT = iphoneos;
				SWIFT_ACTIVE_COMPILATION_CONDITIONS = DEBUG;
				SWIFT_OPTIMIZATION_LEVEL = "-Onone";
			};
			name = Debug;
		};
		94FCB567260CAEED00CEDCD1 /* Release */ = {
			isa = XCBuildConfiguration;
			buildSettings = {
				ALWAYS_SEARCH_USER_PATHS = NO;
				CLANG_ANALYZER_NONNULL = YES;
				CLANG_ANALYZER_NUMBER_OBJECT_CONVERSION = YES_AGGRESSIVE;
				CLANG_CXX_LANGUAGE_STANDARD = "gnu++14";
				CLANG_CXX_LIBRARY = "libc++";
				CLANG_ENABLE_MODULES = YES;
				CLANG_ENABLE_OBJC_ARC = YES;
				CLANG_ENABLE_OBJC_WEAK = YES;
				CLANG_WARN_BLOCK_CAPTURE_AUTORELEASING = YES;
				CLANG_WARN_BOOL_CONVERSION = YES;
				CLANG_WARN_COMMA = YES;
				CLANG_WARN_CONSTANT_CONVERSION = YES;
				CLANG_WARN_DEPRECATED_OBJC_IMPLEMENTATIONS = YES;
				CLANG_WARN_DIRECT_OBJC_ISA_USAGE = YES_ERROR;
				CLANG_WARN_DOCUMENTATION_COMMENTS = YES;
				CLANG_WARN_EMPTY_BODY = YES;
				CLANG_WARN_ENUM_CONVERSION = YES;
				CLANG_WARN_INFINITE_RECURSION = YES;
				CLANG_WARN_INT_CONVERSION = YES;
				CLANG_WARN_NON_LITERAL_NULL_CONVERSION = YES;
				CLANG_WARN_OBJC_IMPLICIT_RETAIN_SELF = YES;
				CLANG_WARN_OBJC_LITERAL_CONVERSION = YES;
				CLANG_WARN_OBJC_ROOT_CLASS = YES_ERROR;
				CLANG_WARN_QUOTED_INCLUDE_IN_FRAMEWORK_HEADER = YES;
				CLANG_WARN_RANGE_LOOP_ANALYSIS = YES;
				CLANG_WARN_STRICT_PROTOTYPES = YES;
				CLANG_WARN_SUSPICIOUS_MOVE = YES;
				CLANG_WARN_UNGUARDED_AVAILABILITY = YES_AGGRESSIVE;
				CLANG_WARN_UNREACHABLE_CODE = YES;
				CLANG_WARN__DUPLICATE_METHOD_MATCH = YES;
				COPY_PHASE_STRIP = NO;
				DEBUG_INFORMATION_FORMAT = "dwarf-with-dsym";
				ENABLE_NS_ASSERTIONS = NO;
				ENABLE_STRICT_OBJC_MSGSEND = YES;
				GCC_C_LANGUAGE_STANDARD = gnu11;
				GCC_NO_COMMON_BLOCKS = YES;
				GCC_WARN_64_TO_32_BIT_CONVERSION = YES;
				GCC_WARN_ABOUT_RETURN_TYPE = YES_ERROR;
				GCC_WARN_UNDECLARED_SELECTOR = YES;
				GCC_WARN_UNINITIALIZED_AUTOS = YES_AGGRESSIVE;
				GCC_WARN_UNUSED_FUNCTION = YES;
				GCC_WARN_UNUSED_VARIABLE = YES;
				IPHONEOS_DEPLOYMENT_TARGET = 14.4;
				MTL_ENABLE_DEBUG_INFO = NO;
				MTL_FAST_MATH = YES;
				SDKROOT = iphoneos;
				SWIFT_COMPILATION_MODE = wholemodule;
				SWIFT_OPTIMIZATION_LEVEL = "-O";
				VALIDATE_PRODUCT = YES;
			};
			name = Release;
		};
		94FCB569260CAEED00CEDCD1 /* Debug */ = {
			isa = XCBuildConfiguration;
			buildSettings = {
				ASSETCATALOG_COMPILER_APPICON_NAME = AppIcon;
				ASSETCATALOG_COMPILER_GLOBAL_ACCENT_COLOR_NAME = AccentColor;
				CODE_SIGN_STYLE = Automatic;
				DEVELOPMENT_TEAM = WYDBB7445S;
				INFOPLIST_FILE = CatchTheKenny/Info.plist;
				LD_RUNPATH_SEARCH_PATHS = (
					"$(inherited)",
					"@executable_path/Frameworks",
				);
				PRODUCT_BUNDLE_IDENTIFIER = com.ahmetburakozturk.CatchTheKenny;
				PRODUCT_NAME = "$(TARGET_NAME)";
				SWIFT_VERSION = 5.0;
				TARGETED_DEVICE_FAMILY = "1,2";
			};
			name = Debug;
		};
		94FCB56A260CAEED00CEDCD1 /* Release */ = {
			isa = XCBuildConfiguration;
			buildSettings = {
				ASSETCATALOG_COMPILER_APPICON_NAME = AppIcon;
				ASSETCATALOG_COMPILER_GLOBAL_ACCENT_COLOR_NAME = AccentColor;
				CODE_SIGN_STYLE = Automatic;
				DEVELOPMENT_TEAM = WYDBB7445S;
				INFOPLIST_FILE = CatchTheKenny/Info.plist;
				LD_RUNPATH_SEARCH_PATHS = (
					"$(inherited)",
					"@executable_path/Frameworks",
				);
				PRODUCT_BUNDLE_IDENTIFIER = com.ahmetburakozturk.CatchTheKenny;
				PRODUCT_NAME = "$(TARGET_NAME)";
				SWIFT_VERSION = 5.0;
				TARGETED_DEVICE_FAMILY = "1,2";
			};
			name = Release;
		};
/* End XCBuildConfiguration section */

/* Begin XCConfigurationList section */
		94FCB54F260CAEEB00CEDCD1 /* Build configuration list for PBXProject "CatchTheKenny" */ = {
			isa = XCConfigurationList;
			buildConfigurations = (
				94FCB566260CAEED00CEDCD1 /* Debug */,
				94FCB567260CAEED00CEDCD1 /* Release */,
			);
			defaultConfigurationIsVisible = 0;
			defaultConfigurationName = Release;
		};
		94FCB568260CAEED00CEDCD1 /* Build configuration list for PBXNativeTarget "CatchTheKenny" */ = {
			isa = XCConfigurationList;
			buildConfigurations = (
				94FCB569260CAEED00CEDCD1 /* Debug */,
				94FCB56A260CAEED00CEDCD1 /* Release */,
			);
			defaultConfigurationIsVisible = 0;
			defaultConfigurationName = Release;
		};
/* End XCConfigurationList section */
	};
	rootObject = 94FCB54C260CAEEB00CEDCD1 /* Project object */;
}
